{
  "name": "sovereigntrust",
  "version": "1.0.0",
  "lockfileVersion": 3,
  "requires": true,
  "packages": {
    "": {
      "name": "sovereigntrust",
      "version": "1.0.0",
      "dependencies": {
        "@oasisomniverse/web4-api": "^2.0.2",
        "@oasisomniverse/web6-api": "^1.0.2",
        "pdf-lib": "^1.17.1",
        "stripe": "^22.3.0"
      },
      "engines": {
        "node": ">=18"
      }
    },
    "../OASIS-API-Javascipt-Package": {
      "version": "2.0.0",
      "extraneous": true,
      "license": "MIT",
      "engines": {
        "node": ">=18"
      }
    },
    "../oasis-js-sdk": {
      "name": "web4-oasis-api",
      "version": "2.0.0",
      "extraneous": true,
      "license": "MIT",
      "engines": {
        "node": ">=18"
      }
    },
    "node_modules/@oasisomniverse/web4-api": {
      "version": "2.0.2",
      "resolved": "https://registry.npmjs.org/@oasisomniverse/web4-api/-/web4-api-2.0.2.tgz",
      "integrity": "sha512-pIkSFuq1a6A4PS9oD1sKD9jOeSu5XP6dMWOfHi2NGvVuOmGpTYevypdUmcswGQPcEvzkovOKp9OBJTYhxTH01w==",
      "engines": {
        "node": ">=18"
      }
    },
    "node_modules/@oasisomniverse/web6-api": {
      "version": "1.0.2",
      "resolved": "https://registry.npmjs.org/@oasisomniverse/web6-api/-/web6-api-1.0.2.tgz",
      "integrity": "sha512-6wX6pPwiEHFXUPt8Wv5XSdoCLye1Q0Od9z/5hIVWlEo1o0RSnemG3jFQY+5QBNLqqFZIkBCF9mTeBTdQX1jVSw==",
      "engines": {
        "node": ">=18"
      }
    },
    "node_modules/@pdf-lib/standard-fonts": {
      "version": "1.0.0",
      "resolved": "https://registry.npmjs.org/@pdf-lib/standard-fonts/-/standard-fonts-1.0.0.tgz",
      "integrity": "sha512-hU30BK9IUN/su0Mn9VdlVKsWBS6GyhVfqjwl1FjZN4TxP6cCw0jP2w7V3Hf5uX7M0AZJ16vey9yE0ny7Sa59ZA==",
      "dependencies": {
        "pako": "^1.0.6"
      }
    },
    "node_modules/@pdf-lib/upng": {
      "version": "1.0.1",
      "resolved": "https://registry.npmjs.org/@pdf-lib/upng/-/upng-1.0.1.tgz",
      "integrity": "sha512-dQK2FUMQtowVP00mtIksrlZhdFXQZPC+taih1q4CvPZ5vqdxR/LKBaFg0oAfzd1GlHZXXSPdQfzQnt+ViGvEIQ==",
      "dependencies": {
        "pako": "^1.0.10"
      }
    },
    "node_modules/pako": {
      "version": "1.0.11",
      "resolved": "https://registry.npmjs.org/pako/-/pako-1.0.11.tgz",
      "integrity": "sha512-4hLB8Py4zZce5s4yd9XzopqwVv/yGNhV1Bl8NTmCq1763HeK2+EwVTv+leGeL13Dnh2wfbqowVPXCIO0z4taYw=="
    },
    "node_modules/pdf-lib": {
      "version": "1.17.1",
      "resolved": "https://registry.npmjs.org/pdf-lib/-/pdf-lib-1.17.1.tgz",
      "integrity": "sha512-V/mpyJAoTsN4cnP31vc0wfNA1+p20evqqnap0KLoRUN0Yk/p3wN52DOEsL4oBFcLdb76hlpKPtzJIgo67j/XLw==",
      "dependencies": {
        "@pdf-lib/standard-fonts": "^1.0.0",
        "@pdf-lib/upng": "^1.0.1",
        "pako": "^1.0.11",
        "tslib": "^1.11.1"
      }
    },
    "node_modules/stripe": {
      "version": "22.3.0",
      "resolved": "https://registry.npmjs.org/stripe/-/stripe-22.3.0.tgz",
      "integrity": "sha512-ypO6xjVrMWs9SmIMeHr8naCx3dAQ0clxMdUTxn7Ejd7hmY9meBGfE+N4pVHkf9sUNebAHp6uJo6mV3GxDIc2cA==",
      "engines": {
        "node": ">=18"
      },
      "peerDependencies": {
        "@types/node": ">=18"
      },
      "peerDependenciesMeta": {
        "@types/node": {
          "optional": true
        }
      }
    },
    "node_modules/tslib": {
      "version": "1.14.1",
      "resolved": "https://registry.npmjs.org/tslib/-/tslib-1.14.1.tgz",
      "integrity": "sha512-Xni35NKzjgMrwevysHTCArtLDpPvye8zV/0E4EyYn43P7/7qvQwPh9BGkHewbMulVntbigmcT7rdX3BNo9wRJg=="
    }
  }
}
